
Microsoft Visual Studio Solution File, Format Version 12.00
# Visual Studio Version 17
VisualStudioVersion = 17.7.34009.444
MinimumVisualStudioVersion = 10.0.40219.1
Project("{9A19103F-16F7-4668-BE54-9A1E7A4F7556}") = "Zad.dom z dn.6", "Zad.dom z dn.6\Zad.dom z dn.6.csproj", "{BA15BC47-67E6-4EEE-93D0-830A07BC9ED7}"
EndProject
Project("{9A19103F-16F7-4668-BE54-9A1E7A4F7556}") = "Zad.dn.6.Test", "Zad.dn.6.Test\Zad.dn.6.Test.csproj", "{F6D393E6-9580-495E-8667-EBFB8D676547}"
EndProject
Global
	GlobalSection(SolutionConfigurationPlatforms) = preSolution
		Debug|Any CPU = Debug|Any CPU
		Release|Any CPU = Release|Any CPU
	EndGlobalSection
	GlobalSection(ProjectConfigurationPlatforms) = postSolution
		{BA15BC47-67E6-4EEE-93D0-830A07BC9ED7}.Debug|Any CPU.ActiveCfg = Debug|Any CPU
		{BA15BC47-67E6-4EEE-93D0-830A07BC9ED7}.Debug|Any CPU.Build.0 = Debug|Any CPU
		{BA15BC47-67E6-4EEE-93D0-830A07BC9ED7}.Release|Any CPU.ActiveCfg = Release|Any CPU
		{BA15BC47-67E6-4EEE-93D0-830A07BC9ED7}.Release|Any CPU.Build.0 = Release|Any CPU
		{F6D393E6-9580-495E-8667-EBFB8D676547}.Debug|Any CPU.ActiveCfg = Debug|Any CPU
		{F6D393E6-9580-495E-8667-EBFB8D676547}.Debug|Any CPU.Build.0 = Debug|Any CPU
		{F6D393E6-9580-495E-8667-EBFB8D676547}.Release|Any CPU.ActiveCfg = Release|Any CPU
		{F6D393E6-9580-495E-8667-EBFB8D676547}.Release|Any CPU.Build.0 = Release|Any CPU
	EndGlobalSection
	GlobalSection(SolutionProperties) = preSolution
		HideSolutionNode = FALSE
	EndGlobalSection
	GlobalSection(ExtensibilityGlobals) = postSolution
		SolutionGuid = {AEEFA7D8-5662-4E33-8F86-ED62D4E36F71}
	EndGlobalSection
EndGlobal
