
Microsoft Visual Studio Solution File, Format Version 12.00
# Visual Studio Version 17
VisualStudioVersion = 17.5.33530.505
MinimumVisualStudioVersion = 10.0.40219.1
Project("{9A19103F-16F7-4668-BE54-9A1E7A4F7556}") = "Zadanie domowe,6", "Zadanie domowe,6\Zadanie domowe,6.csproj", "{242088D9-E03A-47EE-BE8B-421ABDDE8E4B}"
EndProject
Project("{FAE04EC0-301F-11D3-BF4B-00C04F79EFBC}") = "TestProjday7", "TestProjday7\TestProjday7.csproj", "{EF60B005-E317-49DA-8F6A-EEABCA71F6E0}"
EndProject
Global
	GlobalSection(SolutionConfigurationPlatforms) = preSolution
		Debug|Any CPU = Debug|Any CPU
		Release|Any CPU = Release|Any CPU
	EndGlobalSection
	GlobalSection(ProjectConfigurationPlatforms) = postSolution
		{242088D9-E03A-47EE-BE8B-421ABDDE8E4B}.Debug|Any CPU.ActiveCfg = Debug|Any CPU
		{242088D9-E03A-47EE-BE8B-421ABDDE8E4B}.Debug|Any CPU.Build.0 = Debug|Any CPU
		{242088D9-E03A-47EE-BE8B-421ABDDE8E4B}.Release|Any CPU.ActiveCfg = Release|Any CPU
		{242088D9-E03A-47EE-BE8B-421ABDDE8E4B}.Release|Any CPU.Build.0 = Release|Any CPU
		{EF60B005-E317-49DA-8F6A-EEABCA71F6E0}.Debug|Any CPU.ActiveCfg = Debug|Any CPU
		{EF60B005-E317-49DA-8F6A-EEABCA71F6E0}.Debug|Any CPU.Build.0 = Debug|Any CPU
		{EF60B005-E317-49DA-8F6A-EEABCA71F6E0}.Release|Any CPU.ActiveCfg = Release|Any CPU
		{EF60B005-E317-49DA-8F6A-EEABCA71F6E0}.Release|Any CPU.Build.0 = Release|Any CPU
	EndGlobalSection
	GlobalSection(SolutionProperties) = preSolution
		HideSolutionNode = FALSE
	EndGlobalSection
	GlobalSection(ExtensibilityGlobals) = postSolution
		SolutionGuid = {433FF67E-411D-4CBC-8C86-E22FB89A102C}
	EndGlobalSection
EndGlobal
