
Microsoft Visual Studio Solution File, Format Version 12.00
# Visual Studio Version 17
VisualStudioVersion = 17.7.34009.444
MinimumVisualStudioVersion = 10.0.40219.1
Project("{FAE04EC0-301F-11D3-BF4B-00C04F79EFBC}") = "Zad.Dom.Dz10", "Zad.Dom.Dz10\Zad.Dom.Dz10.csproj", "{B3D1FE83-010C-41AD-90D1-C16537EF60FC}"
EndProject
Project("{FAE04EC0-301F-11D3-BF4B-00C04F79EFBC}") = "Zad.Dom.Dz.10.Test", "Zad.Dom.Dz.10.Test\Zad.Dom.Dz.10.Test.csproj", "{C6564714-546E-44F7-A6C3-83C82A7F50F8}"
EndProject
Global
	GlobalSection(SolutionConfigurationPlatforms) = preSolution
		Debug|Any CPU = Debug|Any CPU
		Release|Any CPU = Release|Any CPU
	EndGlobalSection
	GlobalSection(ProjectConfigurationPlatforms) = postSolution
		{B3D1FE83-010C-41AD-90D1-C16537EF60FC}.Debug|Any CPU.ActiveCfg = Debug|Any CPU
		{B3D1FE83-010C-41AD-90D1-C16537EF60FC}.Debug|Any CPU.Build.0 = Debug|Any CPU
		{B3D1FE83-010C-41AD-90D1-C16537EF60FC}.Release|Any CPU.ActiveCfg = Release|Any CPU
		{B3D1FE83-010C-41AD-90D1-C16537EF60FC}.Release|Any CPU.Build.0 = Release|Any CPU
		{C6564714-546E-44F7-A6C3-83C82A7F50F8}.Debug|Any CPU.ActiveCfg = Debug|Any CPU
		{C6564714-546E-44F7-A6C3-83C82A7F50F8}.Debug|Any CPU.Build.0 = Debug|Any CPU
		{C6564714-546E-44F7-A6C3-83C82A7F50F8}.Release|Any CPU.ActiveCfg = Release|Any CPU
		{C6564714-546E-44F7-A6C3-83C82A7F50F8}.Release|Any CPU.Build.0 = Release|Any CPU
	EndGlobalSection
	GlobalSection(SolutionProperties) = preSolution
		HideSolutionNode = FALSE
	EndGlobalSection
	GlobalSection(ExtensibilityGlobals) = postSolution
		SolutionGuid = {BEC23463-F5EE-46F6-B75F-85AEEE2371AC}
	EndGlobalSection
EndGlobal
