
Microsoft Visual Studio Solution File, Format Version 12.00
# Visual Studio Version 17
VisualStudioVersion = 17.5.33530.505
MinimumVisualStudioVersion = 10.0.40219.1
Project("{FAE04EC0-301F-11D3-BF4B-00C04F79EFBC}") = "Zadanie domowe 5", "Zadanie domowe 5\Zadanie domowe 5.csproj", "{806ACB61-4DA9-46A1-B572-C1164795B8F1}"
EndProject
Global
	GlobalSection(SolutionConfigurationPlatforms) = preSolution
		Debug|Any CPU = Debug|Any CPU
		Release|Any CPU = Release|Any CPU
	EndGlobalSection
	GlobalSection(ProjectConfigurationPlatforms) = postSolution
		{806ACB61-4DA9-46A1-B572-C1164795B8F1}.Debug|Any CPU.ActiveCfg = Debug|Any CPU
		{806ACB61-4DA9-46A1-B572-C1164795B8F1}.Debug|Any CPU.Build.0 = Debug|Any CPU
		{806ACB61-4DA9-46A1-B572-C1164795B8F1}.Release|Any CPU.ActiveCfg = Release|Any CPU
		{806ACB61-4DA9-46A1-B572-C1164795B8F1}.Release|Any CPU.Build.0 = Release|Any CPU
	EndGlobalSection
	GlobalSection(SolutionProperties) = preSolution
		HideSolutionNode = FALSE
	EndGlobalSection
	GlobalSection(ExtensibilityGlobals) = postSolution
		SolutionGuid = {0E94A274-EC70-4577-87C1-B5EAAC3B1CB7}
	EndGlobalSection
EndGlobal
