
Microsoft Visual Studio Solution File, Format Version 12.00
# Visual Studio Version 17
VisualStudioVersion = 17.5.33627.172
MinimumVisualStudioVersion = 10.0.40219.1
Project("{9A19103F-16F7-4668-BE54-9A1E7A4F7556}") = "NewZad6", "NewZad6\NewZad6.csproj", "{6B813140-4E6C-4273-A47E-2C1EE7DBB9AA}"
EndProject
Project("{FAE04EC0-301F-11D3-BF4B-00C04F79EFBC}") = "TestProj6.Zad7", "TestProj6.Zad7\TestProj6.Zad7.csproj", "{4DF32F17-7499-4CBC-9EFF-480B8E64D987}"
EndProject
Global
	GlobalSection(SolutionConfigurationPlatforms) = preSolution
		Debug|Any CPU = Debug|Any CPU
		Release|Any CPU = Release|Any CPU
	EndGlobalSection
	GlobalSection(ProjectConfigurationPlatforms) = postSolution
		{6B813140-4E6C-4273-A47E-2C1EE7DBB9AA}.Debug|Any CPU.ActiveCfg = Debug|Any CPU
		{6B813140-4E6C-4273-A47E-2C1EE7DBB9AA}.Debug|Any CPU.Build.0 = Debug|Any CPU
		{6B813140-4E6C-4273-A47E-2C1EE7DBB9AA}.Release|Any CPU.ActiveCfg = Release|Any CPU
		{6B813140-4E6C-4273-A47E-2C1EE7DBB9AA}.Release|Any CPU.Build.0 = Release|Any CPU
		{4DF32F17-7499-4CBC-9EFF-480B8E64D987}.Debug|Any CPU.ActiveCfg = Debug|Any CPU
		{4DF32F17-7499-4CBC-9EFF-480B8E64D987}.Debug|Any CPU.Build.0 = Debug|Any CPU
		{4DF32F17-7499-4CBC-9EFF-480B8E64D987}.Release|Any CPU.ActiveCfg = Release|Any CPU
		{4DF32F17-7499-4CBC-9EFF-480B8E64D987}.Release|Any CPU.Build.0 = Release|Any CPU
	EndGlobalSection
	GlobalSection(SolutionProperties) = preSolution
		HideSolutionNode = FALSE
	EndGlobalSection
	GlobalSection(ExtensibilityGlobals) = postSolution
		SolutionGuid = {6B8024AE-0A31-4B47-95AD-1BCF0425A693}
	EndGlobalSection
EndGlobal
